{
  "projects": [
    {
      "projectId": "iE1LgH53bc47vxxsWX9owA",
      "version": "latest",
      "dependencies": {},
      "lang": "js",
      "fileLocks": [
        {
          "type": "globalVariant",
          "assetId": "PhWookSThabIa",
          "checksum": "0f97d7095da74b787078a991de4b846d"
        },
        {
          "type": "renderModule",
          "assetId": "bRJ4pLXDs14_",
          "checksum": "62cbde40902967275fb3528b98f53b44"
        },
        {
          "type": "cssRules",
          "assetId": "bRJ4pLXDs14_",
          "checksum": "62cbde40902967275fb3528b98f53b44"
        },
        {
          "type": "icon",
          "assetId": "wVN-CEM58XhiM",
          "checksum": "93441a7c3ef142911d6d26853a439ce3"
        },
        {
          "type": "icon",
          "assetId": "DSSZBjJDwOfaq",
          "checksum": "26f1dac53f89c56af3ff2d42342fb7a7"
        },
        {
          "type": "image",
          "assetId": "MSuni7rrRy5IR",
          "checksum": "74ae1096191c71abd07cd880186417a4"
        },
        {
          "type": "image",
          "assetId": "XoLGcabph",
          "checksum": "be5c98597e95dfb3d40fdf89fc6c9dce"
        },
        {
          "type": "renderModule",
          "assetId": "n5CnkQEc8A",
          "checksum": "d9edc80633cd7b9c7bae17bbd1f8bc6a"
        },
        {
          "type": "cssRules",
          "assetId": "n5CnkQEc8A",
          "checksum": "d9edc80633cd7b9c7bae17bbd1f8bc6a"
        },
        {
          "type": "image",
          "assetId": "9MAn3grAK",
          "checksum": "c68f31558c7db3aef89df1dbb567e11c"
        },
        {
          "type": "image",
          "assetId": "TK6miiLyR",
          "checksum": "530160de20e2850dd4e8b8abddb5dbae"
        },
        {
          "assetId": "iE1LgH53bc47vxxsWX9owA",
          "type": "projectCss",
          "checksum": "44dfe23fa09a67923f09a6a2866cae96"
        }
      ],
      "codegenVersion": "0.0.1"
    }
  ],
  "cliVersion": "0.1.176"
}
